
Microsoft Visual Studio Solution File, Format Version 12.00
# Visual Studio 14
VisualStudioVersion = 14.0.25123.0
MinimumVisualStudioVersion = 10.0.40219.1
Project("{FAE04EC0-301F-11D3-BF4B-00C04F79EFBC}") = "MutualFundsComparison", "MutualFundsComparison\MutualFundsComparison.csproj", "{92038C38-6F6B-4D76-AB5A-D0A6E7B8914E}"
EndProject
Project("{FAE04EC0-301F-11D3-BF4B-00C04F79EFBC}") = "UnitTest", "UnitTest\UnitTest.csproj", "{5BFAAB63-FFAD-4EB1-A1AF-BB60FD055D97}"
EndProject
Global
	GlobalSection(SolutionConfigurationPlatforms) = preSolution
		Debug|Any CPU = Debug|Any CPU
		Release|Any CPU = Release|Any CPU
	EndGlobalSection
	GlobalSection(ProjectConfigurationPlatforms) = postSolution
		{92038C38-6F6B-4D76-AB5A-D0A6E7B8914E}.Debug|Any CPU.ActiveCfg = Debug|Any CPU
		{92038C38-6F6B-4D76-AB5A-D0A6E7B8914E}.Debug|Any CPU.Build.0 = Debug|Any CPU
		{92038C38-6F6B-4D76-AB5A-D0A6E7B8914E}.Release|Any CPU.ActiveCfg = Release|Any CPU
		{92038C38-6F6B-4D76-AB5A-D0A6E7B8914E}.Release|Any CPU.Build.0 = Release|Any CPU
		{5BFAAB63-FFAD-4EB1-A1AF-BB60FD055D97}.Debug|Any CPU.ActiveCfg = Debug|Any CPU
		{5BFAAB63-FFAD-4EB1-A1AF-BB60FD055D97}.Debug|Any CPU.Build.0 = Debug|Any CPU
		{5BFAAB63-FFAD-4EB1-A1AF-BB60FD055D97}.Release|Any CPU.ActiveCfg = Release|Any CPU
		{5BFAAB63-FFAD-4EB1-A1AF-BB60FD055D97}.Release|Any CPU.Build.0 = Release|Any CPU
	EndGlobalSection
	GlobalSection(SolutionProperties) = preSolution
		HideSolutionNode = FALSE
	EndGlobalSection
EndGlobal
